
Microsoft Visual Studio Solution File, Format Version 12.00
# Visual Studio 15
VisualStudioVersion = 15.0.28307.1145
MinimumVisualStudioVersion = 10.0.40219.1
Project("{FAE04EC0-301F-11D3-BF4B-00C04F79EFBC}") = "PerformanceApp", "PerformanceApp\PerformanceApp.csproj", "{4DB13577-A661-4625-A128-A756468E70AA}"
EndProject
Global
	GlobalSection(SolutionConfigurationPlatforms) = preSolution
		Debug|Any CPU = Debug|Any CPU
		Release|Any CPU = Release|Any CPU
	EndGlobalSection
	GlobalSection(ProjectConfigurationPlatforms) = postSolution
		{4DB13577-A661-4625-A128-A756468E70AA}.Debug|Any CPU.ActiveCfg = Debug|Any CPU
		{4DB13577-A661-4625-A128-A756468E70AA}.Debug|Any CPU.Build.0 = Debug|Any CPU
		{4DB13577-A661-4625-A128-A756468E70AA}.Release|Any CPU.ActiveCfg = Release|Any CPU
		{4DB13577-A661-4625-A128-A756468E70AA}.Release|Any CPU.Build.0 = Release|Any CPU
	EndGlobalSection
	GlobalSection(SolutionProperties) = preSolution
		HideSolutionNode = FALSE
	EndGlobalSection
	GlobalSection(ExtensibilityGlobals) = postSolution
		SolutionGuid = {425D63D9-E0C4-4FB2-98A6-3C588C0C0629}
	EndGlobalSection
EndGlobal
